<?xml version="1.0" encoding="utf-8"?>
<Project ToolsVersion="4.0" xmlns="http://schemas.microsoft.com/developer/msbuild/2003">
  <ItemGroup>
    <Filter Include="Source Files">
      <UniqueIdentifier>{4FC737F1-C7A5-4376-A066-2A32D752A2FF}</UniqueIdentifier>
      <Extensions>cpp;c;cc;cxx;def;odl;idl;hpj;bat;asm;asmx</Extensions>
    </Filter>
    <Filter Include="Header Files">
      <UniqueIdentifier>{93995380-89BD-4b04-88EB-625FBE52EBFB}</UniqueIdentifier>
      <Extensions>h;hpp;hxx;hm;inl;inc;xsd</Extensions>
    </Filter>
  </ItemGroup>
  <ItemGroup>
    <ClCompile Include="AutoRun.cpp">
      <Filter>Source Files</Filter>
    </ClCompile>
    <ClCompile Include="TestAutoMethodTimer.cpp">
      <Filter>Source Files</Filter>
    </ClCompile>
    <ClCompile Include="TestAutoTest.cpp">
      <Filter>Source Files</Filter>
    </ClCompile>
    <ClCompile Include="TestClassNameDocumentation.cpp">
      <Filter>Source Files</Filter>
    </ClCompile>
    <ClCompile Include="TestCollectionContains.cpp">
      <Filter>Source Files</Filter>
    </ClCompile>
    <ClCompile Include="TestCollectionEquals.cpp">
      <Filter>Source Files</Filter>
    </ClCompile>
    <ClCompile Include="TestColumnElements.cpp">
      <Filter>Source Files</Filter>
    </ClCompile>
    <ClCompile Include="TestCompositeNotification.cpp">
      <Filter>Source Files</Filter>
    </ClCompile>
    <ClCompile Include="TestConfirm.cpp">
      <Filter>Source Files</Filter>
    </ClCompile>
    <ClCompile Include="TestEqualTo.cpp">
      <Filter>Source Files</Filter>
    </ClCompile>
    <ClCompile Include="TestExceptionCatching.cpp">
      <Filter>Source Files</Filter>
    </ClCompile>
    <ClCompile Include="TestFileLogger.cpp">
      <Filter>Source Files</Filter>
    </ClCompile>
    <ClCompile Include="TestGreaterThan.cpp">
      <Filter>Source Files</Filter>
    </ClCompile>
    <ClCompile Include="TestIsNull.cpp">
      <Filter>Source Files</Filter>
    </ClCompile>
    <ClCompile Include="TestLessThan.cpp">
      <Filter>Source Files</Filter>
    </ClCompile>
    <ClCompile Include="TestLogicalMatchers.cpp">
      <Filter>Source Files</Filter>
    </ClCompile>
    <ClCompile Include="Win32\TestMethodTimer.cpp">
      <Filter>Source Files</Filter>
    </ClCompile>
    <ClCompile Include="TestMethodTimers.cpp">
      <Filter>Source Files</Filter>
    </ClCompile>
    <ClCompile Include="TestNullMethodTimer.cpp">
      <Filter>Source Files</Filter>
    </ClCompile>
    <ClCompile Include="Win32\TestQuotesToParentheses.cpp">
      <Filter>Source Files</Filter>
    </ClCompile>
    <ClCompile Include="TestStartEndClass.cpp">
      <Filter>Source Files</Filter>
    </ClCompile>
    <ClCompile Include="TestStartEndMethod.cpp">
      <Filter>Source Files</Filter>
    </ClCompile>
    <ClCompile Include="TestStartEndProject.cpp">
      <Filter>Source Files</Filter>
    </ClCompile>
    <ClCompile Include="TestStreamNotification.cpp">
      <Filter>Source Files</Filter>
    </ClCompile>
    <ClCompile Include="TestSubStringMatching.cpp">
      <Filter>Source Files</Filter>
    </ClCompile>
    <ClCompile Include="TestTableFormatter.cpp">
      <Filter>Source Files</Filter>
    </ClCompile>
    <ClCompile Include="TestTableLineElements.cpp">
      <Filter>Source Files</Filter>
    </ClCompile>
    <ClCompile Include="TestTestCase.cpp">
      <Filter>Source Files</Filter>
    </ClCompile>
    <ClCompile Include="TestTestResult.cpp">
      <Filter>Source Files</Filter>
    </ClCompile>
    <ClCompile Include="TestTimedMethod.cpp">
      <Filter>Source Files</Filter>
    </ClCompile>
    <ClCompile Include="TestTypeInformation.cpp">
      <Filter>Source Files</Filter>
    </ClCompile>
    <ClCompile Include="TestUtilities.cpp">
      <Filter>Source Files</Filter>
    </ClCompile>
  </ItemGroup>
  <ItemGroup>
    <ClInclude Include="AutoRun.h">
      <Filter>Header Files</Filter>
    </ClInclude>
    <ClInclude Include="TestMatchersHelpers.h">
      <Filter>Header Files</Filter>
    </ClInclude>
    <ClInclude Include="TestMethodTimers.h">
      <Filter>Header Files</Filter>
    </ClInclude>
    <ClInclude Include="TestUtilities.h">
      <Filter>Header Files</Filter>
    </ClInclude>
  </ItemGroup>
</Project>