<?xml version="1.0" encoding="utf-8"?>
<Project ToolsVersion="4.0" xmlns="http://schemas.microsoft.com/developer/msbuild/2003">
  <ItemGroup>
    <Filter Include="Source Files">
      <UniqueIdentifier>{4FC737F1-C7A5-4376-A066-2A32D752A2FF}</UniqueIdentifier>
      <Extensions>cpp;c;cc;cxx;def;odl;idl;hpj;bat;asm;asmx</Extensions>
    </Filter>
    <Filter Include="Header Files">
      <UniqueIdentifier>{93995380-89BD-4b04-88EB-625FBE52EBFB}</UniqueIdentifier>
      <Extensions>h;hpp;hxx;hm;inl;inc;xsd</Extensions>
    </Filter>
    <Filter Include="Resource Files">
      <UniqueIdentifier>{67DA6AB6-F800-4c08-8B7A-83BB121AAD01}</UniqueIdentifier>
      <Extensions>rc;ico;cur;bmp;dlg;rc2;rct;bin;rgs;gif;jpg;jpeg;jpe;resx;tiff;tif;png;wav</Extensions>
    </Filter>
  </ItemGroup>
  <ItemGroup>
    <ClCompile Include="AssertException.cpp">
      <Filter>Source Files</Filter>
    </ClCompile>
    <ClCompile Include="AutoMain.cpp">
      <Filter>Source Files</Filter>
    </ClCompile>
    <ClCompile Include="AutoOptions.cpp">
      <Filter>Source Files</Filter>
    </ClCompile>
    <ClCompile Include="AutoRunner.cpp">
      <Filter>Source Files</Filter>
    </ClCompile>
    <ClCompile Include="AutoTest.cpp">
      <Filter>Source Files</Filter>
    </ClCompile>
    <ClCompile Include="ClassDocumentation.cpp">
      <Filter>Source Files</Filter>
    </ClCompile>
    <ClCompile Include="ClassRunner.cpp">
      <Filter>Source Files</Filter>
    </ClCompile>
    <ClCompile Include="CompositeNotification.cpp">
      <Filter>Source Files</Filter>
    </ClCompile>
    <ClCompile Include="Confirmation.cpp">
      <Filter>Source Files</Filter>
    </ClCompile>
    <ClCompile Include="main.cpp">
      <Filter>Source Files</Filter>
    </ClCompile>
    <ClCompile Include="MethodNames.cpp">
      <Filter>Source Files</Filter>
    </ClCompile>
    <ClCompile Include="MethodResult.cpp">
      <Filter>Source Files</Filter>
    </ClCompile>
    <ClCompile Include="MethodTimer.cpp">
      <Filter>Source Files</Filter>
    </ClCompile>
    <ClCompile Include="NullMethodTimer.cpp">
      <Filter>Source Files</Filter>
    </ClCompile>
    <ClCompile Include="ProjectRunner.cpp">
      <Filter>Source Files</Filter>
    </ClCompile>
    <ClCompile Include="StreamNotification.cpp">
      <Filter>Source Files</Filter>
    </ClCompile>
    <ClCompile Include="SuccessLogger.cpp">
      <Filter>Source Files</Filter>
    </ClCompile>
    <ClCompile Include="TestCaseBase.cpp">
      <Filter>Source Files</Filter>
    </ClCompile>
    <ClCompile Include="Win32\TypeInformation.cpp">
      <Filter>Source Files</Filter>
    </ClCompile>
  </ItemGroup>
  <ItemGroup>
    <ClInclude Include="AssertException.h">
      <Filter>Header Files</Filter>
    </ClInclude>
    <ClInclude Include="AutoMain.h">
      <Filter>Header Files</Filter>
    </ClInclude>
    <ClInclude Include="AutoMethodTimer.h">
      <Filter>Header Files</Filter>
    </ClInclude>
    <ClInclude Include="AutoOptions.h">
      <Filter>Header Files</Filter>
    </ClInclude>
    <ClInclude Include="AutoRunner.h">
      <Filter>Header Files</Filter>
    </ClInclude>
    <ClInclude Include="AutoTest.h">
      <Filter>Header Files</Filter>
    </ClInclude>
    <ClInclude Include="ClassDescription.h">
      <Filter>Header Files</Filter>
    </ClInclude>
    <ClInclude Include="ClassDocumentation.h">
      <Filter>Header Files</Filter>
    </ClInclude>
    <ClInclude Include="ClassRunner.h">
      <Filter>Header Files</Filter>
    </ClInclude>
    <ClInclude Include="CompositeNotification.h">
      <Filter>Header Files</Filter>
    </ClInclude>
    <ClInclude Include="Confirmation.h">
      <Filter>Header Files</Filter>
    </ClInclude>
    <ClInclude Include="DataStructures.h">
      <Filter>Header Files</Filter>
    </ClInclude>
    <ClInclude Include="Helpers.h">
      <Filter>Header Files</Filter>
    </ClInclude>
    <ClInclude Include="MethodCaller.h">
      <Filter>Header Files</Filter>
    </ClInclude>
    <ClInclude Include="MethodDescription.h">
      <Filter>Header Files</Filter>
    </ClInclude>
    <ClInclude Include="MethodNames.h">
      <Filter>Header Files</Filter>
    </ClInclude>
    <ClInclude Include="MethodResult.h">
      <Filter>Header Files</Filter>
    </ClInclude>
    <ClInclude Include="MethodTimer.h">
      <Filter>Header Files</Filter>
    </ClInclude>
    <ClInclude Include="Notification.h">
      <Filter>Header Files</Filter>
    </ClInclude>
    <ClInclude Include="ProjectDescription.h">
      <Filter>Header Files</Filter>
    </ClInclude>
    <ClInclude Include="ProjectRunner.h">
      <Filter>Header Files</Filter>
    </ClInclude>
    <ClInclude Include="ReportResult.h">
      <Filter>Header Files</Filter>
    </ClInclude>
    <ClInclude Include="StreamNotification.h">
      <Filter>Header Files</Filter>
    </ClInclude>
    <ClInclude Include="SuccessLogger.h">
      <Filter>Header Files</Filter>
    </ClInclude>
    <ClInclude Include="TestCase.h">
      <Filter>Header Files</Filter>
    </ClInclude>
    <ClInclude Include="TestCaseBase.h">
      <Filter>Header Files</Filter>
    </ClInclude>
    <ClInclude Include="TestCaseMethodCaller.h">
      <Filter>Header Files</Filter>
    </ClInclude>
    <ClInclude Include="TestResult.h">
      <Filter>Header Files</Filter>
    </ClInclude>
    <ClInclude Include="TimeReport.h">
      <Filter>Header Files</Filter>
    </ClInclude>
    <ClInclude Include="TypeInformation.h">
      <Filter>Header Files</Filter>
    </ClInclude>
    <ClInclude Include="ProjectContext.h">
      <Filter>Header Files</Filter>
    </ClInclude>
  </ItemGroup>
</Project>